
Microsoft Visual Studio Solution File, Format Version 12.00
# Visual Studio 15
VisualStudioVersion = 15.0.28307.168
MinimumVisualStudioVersion = 10.0.40219.1
Project("{8BC9CEB8-8B4A-11D0-8D11-00A0C91BC942}") = "AABB_AABB_3D", "AABB_AABB_3D.vcxproj", "{24406A86-3964-4C2D-939B-842BE2B5117D}"
EndProject
Global
	GlobalSection(SolutionConfigurationPlatforms) = preSolution
		Debug|x86 = Debug|x86
		Release|x86 = Release|x86
	EndGlobalSection
	GlobalSection(ProjectConfigurationPlatforms) = postSolution
		{24406A86-3964-4C2D-939B-842BE2B5117D}.Debug|x64.ActiveCfg = Debug|x64
		{24406A86-3964-4C2D-939B-842BE2B5117D}.Debug|x64.Build.0 = Debug|x64
		{24406A86-3964-4C2D-939B-842BE2B5117D}.Debug|x86.ActiveCfg = Debug|Win32
		{24406A86-3964-4C2D-939B-842BE2B5117D}.Debug|x86.Build.0 = Debug|Win32
		{24406A86-3964-4C2D-939B-842BE2B5117D}.Release|x64.ActiveCfg = Release|x64
		{24406A86-3964-4C2D-939B-842BE2B5117D}.Release|x64.Build.0 = Release|x64
		{24406A86-3964-4C2D-939B-842BE2B5117D}.Release|x86.ActiveCfg = Release|Win32
		{24406A86-3964-4C2D-939B-842BE2B5117D}.Release|x86.Build.0 = Release|Win32
	EndGlobalSection
	GlobalSection(SolutionProperties) = preSolution
		HideSolutionNode = FALSE
	EndGlobalSection
	GlobalSection(ExtensibilityGlobals) = postSolution
		SolutionGuid = {004C7477-5AF9-4B7F-8251-7C041076D1F6}
	EndGlobalSection
EndGlobal
